
Microsoft Visual Studio Solution File, Format Version 12.00
# Visual Studio Version 17
VisualStudioVersion = 17.14.36310.24
MinimumVisualStudioVersion = 10.0.40219.1
Project("{FAE04EC0-301F-11D3-BF4B-00C04F79EFBC}") = "001.ClassBoxData", "001.ClassBoxData\001.ClassBoxData.csproj", "{C3576CF6-80D7-40AD-88F3-0BC91667BB75}"
EndProject
Project("{FAE04EC0-301F-11D3-BF4B-00C04F79EFBC}") = "002.AnimalFarm", "002.AnimalFarm\002.AnimalFarm.csproj", "{FD398E6A-5D4B-4B40-9A10-4FCA9519DA32}"
EndProject
Project("{FAE04EC0-301F-11D3-BF4B-00C04F79EFBC}") = "003.ShoppingSpree", "003.ShoppingSpree\003.ShoppingSpree.csproj", "{FD28F614-C683-4A6C-A077-1866FE3A9B0F}"
EndProject
Project("{FAE04EC0-301F-11D3-BF4B-00C04F79EFBC}") = "004.PizzaCalories", "004.PizzaCalories\004.PizzaCalories.csproj", "{431A7963-2317-4184-92B5-59AE3374A0FE}"
EndProject
Project("{FAE04EC0-301F-11D3-BF4B-00C04F79EFBC}") = "005.FootballTeamGenerator", "005.FootballTeamGenerator\005.FootballTeamGenerator.csproj", "{2C1BE1E8-9010-4680-B6A0-54A1B382D14B}"
EndProject
Global
	GlobalSection(SolutionConfigurationPlatforms) = preSolution
		Debug|Any CPU = Debug|Any CPU
		Release|Any CPU = Release|Any CPU
	EndGlobalSection
	GlobalSection(ProjectConfigurationPlatforms) = postSolution
		{C3576CF6-80D7-40AD-88F3-0BC91667BB75}.Debug|Any CPU.ActiveCfg = Debug|Any CPU
		{C3576CF6-80D7-40AD-88F3-0BC91667BB75}.Debug|Any CPU.Build.0 = Debug|Any CPU
		{C3576CF6-80D7-40AD-88F3-0BC91667BB75}.Release|Any CPU.ActiveCfg = Release|Any CPU
		{C3576CF6-80D7-40AD-88F3-0BC91667BB75}.Release|Any CPU.Build.0 = Release|Any CPU
		{FD398E6A-5D4B-4B40-9A10-4FCA9519DA32}.Debug|Any CPU.ActiveCfg = Debug|Any CPU
		{FD398E6A-5D4B-4B40-9A10-4FCA9519DA32}.Debug|Any CPU.Build.0 = Debug|Any CPU
		{FD398E6A-5D4B-4B40-9A10-4FCA9519DA32}.Release|Any CPU.ActiveCfg = Release|Any CPU
		{FD398E6A-5D4B-4B40-9A10-4FCA9519DA32}.Release|Any CPU.Build.0 = Release|Any CPU
		{FD28F614-C683-4A6C-A077-1866FE3A9B0F}.Debug|Any CPU.ActiveCfg = Debug|Any CPU
		{FD28F614-C683-4A6C-A077-1866FE3A9B0F}.Debug|Any CPU.Build.0 = Debug|Any CPU
		{FD28F614-C683-4A6C-A077-1866FE3A9B0F}.Release|Any CPU.ActiveCfg = Release|Any CPU
		{FD28F614-C683-4A6C-A077-1866FE3A9B0F}.Release|Any CPU.Build.0 = Release|Any CPU
		{431A7963-2317-4184-92B5-59AE3374A0FE}.Debug|Any CPU.ActiveCfg = Debug|Any CPU
		{431A7963-2317-4184-92B5-59AE3374A0FE}.Debug|Any CPU.Build.0 = Debug|Any CPU
		{431A7963-2317-4184-92B5-59AE3374A0FE}.Release|Any CPU.ActiveCfg = Release|Any CPU
		{431A7963-2317-4184-92B5-59AE3374A0FE}.Release|Any CPU.Build.0 = Release|Any CPU
		{2C1BE1E8-9010-4680-B6A0-54A1B382D14B}.Debug|Any CPU.ActiveCfg = Debug|Any CPU
		{2C1BE1E8-9010-4680-B6A0-54A1B382D14B}.Debug|Any CPU.Build.0 = Debug|Any CPU
		{2C1BE1E8-9010-4680-B6A0-54A1B382D14B}.Release|Any CPU.ActiveCfg = Release|Any CPU
		{2C1BE1E8-9010-4680-B6A0-54A1B382D14B}.Release|Any CPU.Build.0 = Release|Any CPU
	EndGlobalSection
	GlobalSection(SolutionProperties) = preSolution
		HideSolutionNode = FALSE
	EndGlobalSection
	GlobalSection(ExtensibilityGlobals) = postSolution
		SolutionGuid = {A4B357DD-1367-4A14-850F-DD0C2E0B2334}
	EndGlobalSection
EndGlobal
