
Microsoft Visual Studio Solution File, Format Version 12.00
# Visual Studio Version 17
VisualStudioVersion = 17.12.35707.178
MinimumVisualStudioVersion = 10.0.40219.1
Project("{FAE04EC0-301F-11D3-BF4B-00C04F79EFBC}") = "001.Persons", "001.Persons\001.Persons.csproj", "{99BF324C-9C72-409E-8B1F-0BC2E607B39B}"
EndProject
Project("{FAE04EC0-301F-11D3-BF4B-00C04F79EFBC}") = "002.Salary", "002.Salary\002.Salary.csproj", "{4888A3FE-C085-464B-BB43-514936A25B85}"
EndProject
Project("{FAE04EC0-301F-11D3-BF4B-00C04F79EFBC}") = "003.Validation", "003.Validation\003.Validation.csproj", "{28A7E49D-6B4B-4A77-8E8E-F66C583E6D76}"
EndProject
Project("{FAE04EC0-301F-11D3-BF4B-00C04F79EFBC}") = "04.Team", "04.Team\04.Team.csproj", "{FAC852B6-7C54-47D2-AA1D-62380897D0E0}"
EndProject
Global
	GlobalSection(SolutionConfigurationPlatforms) = preSolution
		Debug|Any CPU = Debug|Any CPU
		Release|Any CPU = Release|Any CPU
	EndGlobalSection
	GlobalSection(ProjectConfigurationPlatforms) = postSolution
		{99BF324C-9C72-409E-8B1F-0BC2E607B39B}.Debug|Any CPU.ActiveCfg = Debug|Any CPU
		{99BF324C-9C72-409E-8B1F-0BC2E607B39B}.Debug|Any CPU.Build.0 = Debug|Any CPU
		{99BF324C-9C72-409E-8B1F-0BC2E607B39B}.Release|Any CPU.ActiveCfg = Release|Any CPU
		{99BF324C-9C72-409E-8B1F-0BC2E607B39B}.Release|Any CPU.Build.0 = Release|Any CPU
		{4888A3FE-C085-464B-BB43-514936A25B85}.Debug|Any CPU.ActiveCfg = Debug|Any CPU
		{4888A3FE-C085-464B-BB43-514936A25B85}.Debug|Any CPU.Build.0 = Debug|Any CPU
		{4888A3FE-C085-464B-BB43-514936A25B85}.Release|Any CPU.ActiveCfg = Release|Any CPU
		{4888A3FE-C085-464B-BB43-514936A25B85}.Release|Any CPU.Build.0 = Release|Any CPU
		{28A7E49D-6B4B-4A77-8E8E-F66C583E6D76}.Debug|Any CPU.ActiveCfg = Debug|Any CPU
		{28A7E49D-6B4B-4A77-8E8E-F66C583E6D76}.Debug|Any CPU.Build.0 = Debug|Any CPU
		{28A7E49D-6B4B-4A77-8E8E-F66C583E6D76}.Release|Any CPU.ActiveCfg = Release|Any CPU
		{28A7E49D-6B4B-4A77-8E8E-F66C583E6D76}.Release|Any CPU.Build.0 = Release|Any CPU
		{FAC852B6-7C54-47D2-AA1D-62380897D0E0}.Debug|Any CPU.ActiveCfg = Debug|Any CPU
		{FAC852B6-7C54-47D2-AA1D-62380897D0E0}.Debug|Any CPU.Build.0 = Debug|Any CPU
		{FAC852B6-7C54-47D2-AA1D-62380897D0E0}.Release|Any CPU.ActiveCfg = Release|Any CPU
		{FAC852B6-7C54-47D2-AA1D-62380897D0E0}.Release|Any CPU.Build.0 = Release|Any CPU
	EndGlobalSection
	GlobalSection(SolutionProperties) = preSolution
		HideSolutionNode = FALSE
	EndGlobalSection
EndGlobal
